
Microsoft Visual Studio Solution File, Format Version 12.00
# Visual Studio Version 16
VisualStudioVersion = 16.0.33027.164
MinimumVisualStudioVersion = 10.0.40219.1
Project("{FAE04EC0-301F-11D3-BF4B-00C04F79EFBC}") = "AlunosApi", "AlunosApi\AlunosApi.csproj", "{2B42048F-3400-4C63-8CBB-AA4A46BE9B1A}"
EndProject
Global
	GlobalSection(SolutionConfigurationPlatforms) = preSolution
		Debug|Any CPU = Debug|Any CPU
		Release|Any CPU = Release|Any CPU
	EndGlobalSection
	GlobalSection(ProjectConfigurationPlatforms) = postSolution
		{2B42048F-3400-4C63-8CBB-AA4A46BE9B1A}.Debug|Any CPU.ActiveCfg = Debug|Any CPU
		{2B42048F-3400-4C63-8CBB-AA4A46BE9B1A}.Debug|Any CPU.Build.0 = Debug|Any CPU
		{2B42048F-3400-4C63-8CBB-AA4A46BE9B1A}.Release|Any CPU.ActiveCfg = Release|Any CPU
		{2B42048F-3400-4C63-8CBB-AA4A46BE9B1A}.Release|Any CPU.Build.0 = Release|Any CPU
	EndGlobalSection
	GlobalSection(SolutionProperties) = preSolution
		HideSolutionNode = FALSE
	EndGlobalSection
	GlobalSection(ExtensibilityGlobals) = postSolution
		SolutionGuid = {D7F728D2-584F-482A-AE14-A4A305B657FE}
	EndGlobalSection
EndGlobal
